// !$*UTF8*$!
{
	archiveVersion = 1;
	classes = {
	};
	objectVersion = 46;
	objects = {

/* Begin PBXBuildFile section */
		263A1BFD15050AE900F980F4 /* UIKit.framework in Frameworks */ = {isa = PBXBuildFile; fileRef = 263A1BFC15050AE900F980F4 /* UIKit.framework */; };
		263A1BFF15050AE900F980F4 /* Foundation.framework in Frameworks */ = {isa = PBXBuildFile; fileRef = 263A1BFE15050AE900F980F4 /* Foundation.framework */; };
		263A1C0115050AE900F980F4 /* CoreGraphics.framework in Frameworks */ = {isa = PBXBuildFile; fileRef = 263A1C0015050AE900F980F4 /* CoreGraphics.framework */; };
		263A1C0715050AE900F980F4 /* InfoPlist.strings in Resources */ = {isa = PBXBuildFile; fileRef = 263A1C0515050AE900F980F4 /* InfoPlist.strings */; };
		263A1C0915050AE900F980F4 /* main.m in Sources */ = {isa = PBXBuildFile; fileRef = 263A1C0815050AE900F980F4 /* main.m */; };
		263A1C0D15050AE900F980F4 /* AppDelegate.m in Sources */ = {isa = PBXBuildFile; fileRef = 263A1C0C15050AE900F980F4 /* AppDelegate.m */; };
		263A1C1015050AE900F980F4 /* ViewController.m in Sources */ = {isa = PBXBuildFile; fileRef = 263A1C0F15050AE900F980F4 /* ViewController.m */; };
		263A1C2515050F6900F980F4 /* QuartzCore.framework in Frameworks */ = {isa = PBXBuildFile; fileRef = 263A1C2415050F6800F980F4 /* QuartzCore.framework */; };
		264CFF7E1529A5C10089E1CE /* PHRefreshGestureRecognizer.m in Sources */ = {isa = PBXBuildFile; fileRef = 264CFF741529A5C10089E1CE /* PHRefreshGestureRecognizer.m */; };
		264CFF7F1529A5C10089E1CE /* PHRefreshTriggerView.m in Sources */ = {isa = PBXBuildFile; fileRef = 264CFF761529A5C10089E1CE /* PHRefreshTriggerView.m */; };
		264CFF801529A5C10089E1CE /* RefreshSpin.m in Sources */ = {isa = PBXBuildFile; fileRef = 264CFF781529A5C10089E1CE /* RefreshSpin.m */; };
		264CFF811529A5C10089E1CE /* spin_bg.png in Resources */ = {isa = PBXBuildFile; fileRef = 264CFF7A1529A5C10089E1CE /* spin_bg.png */; };
		264CFF821529A5C10089E1CE /* spin_bg@2x.png in Resources */ = {isa = PBXBuildFile; fileRef = 264CFF7B1529A5C10089E1CE /* spin_bg@2x.png */; };
		264CFF831529A5C10089E1CE /* spin_up.png in Resources */ = {isa = PBXBuildFile; fileRef = 264CFF7C1529A5C10089E1CE /* spin_up.png */; };
		264CFF841529A5C10089E1CE /* spin_up@2x.png in Resources */ = {isa = PBXBuildFile; fileRef = 264CFF7D1529A5C10089E1CE /* spin_up@2x.png */; };
/* End PBXBuildFile section */

/* Begin PBXFileReference section */
		263A1BF815050AE900F980F4 /* Refresh.app */ = {isa = PBXFileReference; explicitFileType = wrapper.application; includeInIndex = 0; path = Refresh.app; sourceTree = BUILT_PRODUCTS_DIR; };
		263A1BFC15050AE900F980F4 /* UIKit.framework */ = {isa = PBXFileReference; lastKnownFileType = wrapper.framework; name = UIKit.framework; path = System/Library/Frameworks/UIKit.framework; sourceTree = SDKROOT; };
		263A1BFE15050AE900F980F4 /* Foundation.framework */ = {isa = PBXFileReference; lastKnownFileType = wrapper.framework; name = Foundation.framework; path = System/Library/Frameworks/Foundation.framework; sourceTree = SDKROOT; };
		263A1C0015050AE900F980F4 /* CoreGraphics.framework */ = {isa = PBXFileReference; lastKnownFileType = wrapper.framework; name = CoreGraphics.framework; path = System/Library/Frameworks/CoreGraphics.framework; sourceTree = SDKROOT; };
		263A1C0415050AE900F980F4 /* Refresh-Info.plist */ = {isa = PBXFileReference; lastKnownFileType = text.plist.xml; path = "Refresh-Info.plist"; sourceTree = "<group>"; };
		263A1C0615050AE900F980F4 /* en */ = {isa = PBXFileReference; lastKnownFileType = text.plist.strings; name = en; path = en.lproj/InfoPlist.strings; sourceTree = "<group>"; };
		263A1C0815050AE900F980F4 /* main.m */ = {isa = PBXFileReference; lastKnownFileType = sourcecode.c.objc; path = main.m; sourceTree = "<group>"; };
		263A1C0A15050AE900F980F4 /* Refresh-Prefix.pch */ = {isa = PBXFileReference; lastKnownFileType = sourcecode.c.h; path = "Refresh-Prefix.pch"; sourceTree = "<group>"; };
		263A1C0B15050AE900F980F4 /* AppDelegate.h */ = {isa = PBXFileReference; lastKnownFileType = sourcecode.c.h; path = AppDelegate.h; sourceTree = "<group>"; };
		263A1C0C15050AE900F980F4 /* AppDelegate.m */ = {isa = PBXFileReference; lastKnownFileType = sourcecode.c.objc; path = AppDelegate.m; sourceTree = "<group>"; };
		263A1C0E15050AE900F980F4 /* ViewController.h */ = {isa = PBXFileReference; lastKnownFileType = sourcecode.c.h; path = ViewController.h; sourceTree = "<group>"; };
		263A1C0F15050AE900F980F4 /* ViewController.m */ = {isa = PBXFileReference; lastKnownFileType = sourcecode.c.objc; path = ViewController.m; sourceTree = "<group>"; };
		263A1C2415050F6800F980F4 /* QuartzCore.framework */ = {isa = PBXFileReference; lastKnownFileType = wrapper.framework; name = QuartzCore.framework; path = System/Library/Frameworks/QuartzCore.framework; sourceTree = SDKROOT; };
		264CFF731529A5C10089E1CE /* PHRefreshGestureRecognizer.h */ = {isa = PBXFileReference; fileEncoding = 4; lastKnownFileType = sourcecode.c.h; path = PHRefreshGestureRecognizer.h; sourceTree = "<group>"; };
		264CFF741529A5C10089E1CE /* PHRefreshGestureRecognizer.m */ = {isa = PBXFileReference; fileEncoding = 4; lastKnownFileType = sourcecode.c.objc; path = PHRefreshGestureRecognizer.m; sourceTree = "<group>"; };
		264CFF751529A5C10089E1CE /* PHRefreshTriggerView.h */ = {isa = PBXFileReference; fileEncoding = 4; lastKnownFileType = sourcecode.c.h; path = PHRefreshTriggerView.h; sourceTree = "<group>"; };
		264CFF761529A5C10089E1CE /* PHRefreshTriggerView.m */ = {isa = PBXFileReference; fileEncoding = 4; lastKnownFileType = sourcecode.c.objc; path = PHRefreshTriggerView.m; sourceTree = "<group>"; };
		264CFF771529A5C10089E1CE /* RefreshSpin.h */ = {isa = PBXFileReference; fileEncoding = 4; lastKnownFileType = sourcecode.c.h; path = RefreshSpin.h; sourceTree = "<group>"; };
		264CFF781529A5C10089E1CE /* RefreshSpin.m */ = {isa = PBXFileReference; fileEncoding = 4; lastKnownFileType = sourcecode.c.objc; path = RefreshSpin.m; sourceTree = "<group>"; };
		264CFF7A1529A5C10089E1CE /* spin_bg.png */ = {isa = PBXFileReference; lastKnownFileType = image.png; path = spin_bg.png; sourceTree = "<group>"; };
		264CFF7B1529A5C10089E1CE /* spin_bg@2x.png */ = {isa = PBXFileReference; lastKnownFileType = image.png; path = "spin_bg@2x.png"; sourceTree = "<group>"; };
		264CFF7C1529A5C10089E1CE /* spin_up.png */ = {isa = PBXFileReference; lastKnownFileType = image.png; path = spin_up.png; sourceTree = "<group>"; };
		264CFF7D1529A5C10089E1CE /* spin_up@2x.png */ = {isa = PBXFileReference; lastKnownFileType = image.png; path = "spin_up@2x.png"; sourceTree = "<group>"; };
/* End PBXFileReference section */

/* Begin PBXFrameworksBuildPhase section */
		263A1BF515050AE900F980F4 /* Frameworks */ = {
			isa = PBXFrameworksBuildPhase;
			buildActionMask = 2147483647;
			files = (
				263A1C2515050F6900F980F4 /* QuartzCore.framework in Frameworks */,
				263A1BFD15050AE900F980F4 /* UIKit.framework in Frameworks */,
				263A1BFF15050AE900F980F4 /* Foundation.framework in Frameworks */,
				263A1C0115050AE900F980F4 /* CoreGraphics.framework in Frameworks */,
			);
			runOnlyForDeploymentPostprocessing = 0;
		};
/* End PBXFrameworksBuildPhase section */

/* Begin PBXGroup section */
		263A1BED15050AE900F980F4 = {
			isa = PBXGroup;
			children = (
				263A1C0215050AE900F980F4 /* Refresh */,
				263A1BFB15050AE900F980F4 /* Frameworks */,
				263A1BF915050AE900F980F4 /* Products */,
			);
			sourceTree = "<group>";
		};
		263A1BF915050AE900F980F4 /* Products */ = {
			isa = PBXGroup;
			children = (
				263A1BF815050AE900F980F4 /* Refresh.app */,
			);
			name = Products;
			sourceTree = "<group>";
		};
		263A1BFB15050AE900F980F4 /* Frameworks */ = {
			isa = PBXGroup;
			children = (
				263A1C2415050F6800F980F4 /* QuartzCore.framework */,
				263A1BFC15050AE900F980F4 /* UIKit.framework */,
				263A1BFE15050AE900F980F4 /* Foundation.framework */,
				263A1C0015050AE900F980F4 /* CoreGraphics.framework */,
			);
			name = Frameworks;
			sourceTree = "<group>";
		};
		263A1C0215050AE900F980F4 /* Refresh */ = {
			isa = PBXGroup;
			children = (
				264CFF721529A5C10089E1CE /* PHRefreshGestureRecognizer */,
				263A1C0B15050AE900F980F4 /* AppDelegate.h */,
				263A1C0C15050AE900F980F4 /* AppDelegate.m */,
				263A1C0E15050AE900F980F4 /* ViewController.h */,
				263A1C0F15050AE900F980F4 /* ViewController.m */,
				263A1C0315050AE900F980F4 /* Supporting Files */,
			);
			path = Refresh;
			sourceTree = "<group>";
		};
		263A1C0315050AE900F980F4 /* Supporting Files */ = {
			isa = PBXGroup;
			children = (
				263A1C0415050AE900F980F4 /* Refresh-Info.plist */,
				263A1C0515050AE900F980F4 /* InfoPlist.strings */,
				263A1C0815050AE900F980F4 /* main.m */,
				263A1C0A15050AE900F980F4 /* Refresh-Prefix.pch */,
			);
			name = "Supporting Files";
			sourceTree = "<group>";
		};
		264CFF721529A5C10089E1CE /* PHRefreshGestureRecognizer */ = {
			isa = PBXGroup;
			children = (
				264CFF731529A5C10089E1CE /* PHRefreshGestureRecognizer.h */,
				264CFF741529A5C10089E1CE /* PHRefreshGestureRecognizer.m */,
				264CFF751529A5C10089E1CE /* PHRefreshTriggerView.h */,
				264CFF761529A5C10089E1CE /* PHRefreshTriggerView.m */,
				264CFF771529A5C10089E1CE /* RefreshSpin.h */,
				264CFF781529A5C10089E1CE /* RefreshSpin.m */,
				264CFF791529A5C10089E1CE /* resources */,
			);
			path = PHRefreshGestureRecognizer;
			sourceTree = "<group>";
		};
		264CFF791529A5C10089E1CE /* resources */ = {
			isa = PBXGroup;
			children = (
				264CFF7A1529A5C10089E1CE /* spin_bg.png */,
				264CFF7B1529A5C10089E1CE /* spin_bg@2x.png */,
				264CFF7C1529A5C10089E1CE /* spin_up.png */,
				264CFF7D1529A5C10089E1CE /* spin_up@2x.png */,
			);
			path = resources;
			sourceTree = "<group>";
		};
/* End PBXGroup section */

/* Begin PBXNativeTarget section */
		263A1BF715050AE900F980F4 /* Refresh */ = {
			isa = PBXNativeTarget;
			buildConfigurationList = 263A1C1615050AE900F980F4 /* Build configuration list for PBXNativeTarget "Refresh" */;
			buildPhases = (
				263A1BF415050AE900F980F4 /* Sources */,
				263A1BF515050AE900F980F4 /* Frameworks */,
				263A1BF615050AE900F980F4 /* Resources */,
			);
			buildRules = (
			);
			dependencies = (
			);
			name = Refresh;
			productName = Refresh;
			productReference = 263A1BF815050AE900F980F4 /* Refresh.app */;
			productType = "com.apple.product-type.application";
		};
/* End PBXNativeTarget section */

/* Begin PBXProject section */
		263A1BEF15050AE900F980F4 /* Project object */ = {
			isa = PBXProject;
			attributes = {
				LastUpgradeCheck = 0430;
			};
			buildConfigurationList = 263A1BF215050AE900F980F4 /* Build configuration list for PBXProject "Refresh" */;
			compatibilityVersion = "Xcode 3.2";
			developmentRegion = English;
			hasScannedForEncodings = 0;
			knownRegions = (
				en,
			);
			mainGroup = 263A1BED15050AE900F980F4;
			productRefGroup = 263A1BF915050AE900F980F4 /* Products */;
			projectDirPath = "";
			projectRoot = "";
			targets = (
				263A1BF715050AE900F980F4 /* Refresh */,
			);
		};
/* End PBXProject section */

/* Begin PBXResourcesBuildPhase section */
		263A1BF615050AE900F980F4 /* Resources */ = {
			isa = PBXResourcesBuildPhase;
			buildActionMask = 2147483647;
			files = (
				263A1C0715050AE900F980F4 /* InfoPlist.strings in Resources */,
				264CFF811529A5C10089E1CE /* spin_bg.png in Resources */,
				264CFF821529A5C10089E1CE /* spin_bg@2x.png in Resources */,
				264CFF831529A5C10089E1CE /* spin_up.png in Resources */,
				264CFF841529A5C10089E1CE /* spin_up@2x.png in Resources */,
			);
			runOnlyForDeploymentPostprocessing = 0;
		};
/* End PBXResourcesBuildPhase section */

/* Begin PBXSourcesBuildPhase section */
		263A1BF415050AE900F980F4 /* Sources */ = {
			isa = PBXSourcesBuildPhase;
			buildActionMask = 2147483647;
			files = (
				263A1C0915050AE900F980F4 /* main.m in Sources */,
				263A1C0D15050AE900F980F4 /* AppDelegate.m in Sources */,
				263A1C1015050AE900F980F4 /* ViewController.m in Sources */,
				264CFF7E1529A5C10089E1CE /* PHRefreshGestureRecognizer.m in Sources */,
				264CFF7F1529A5C10089E1CE /* PHRefreshTriggerView.m in Sources */,
				264CFF801529A5C10089E1CE /* RefreshSpin.m in Sources */,
			);
			runOnlyForDeploymentPostprocessing = 0;
		};
/* End PBXSourcesBuildPhase section */

/* Begin PBXVariantGroup section */
		263A1C0515050AE900F980F4 /* InfoPlist.strings */ = {
			isa = PBXVariantGroup;
			children = (
				263A1C0615050AE900F980F4 /* en */,
			);
			name = InfoPlist.strings;
			sourceTree = "<group>";
		};
/* End PBXVariantGroup section */

/* Begin XCBuildConfiguration section */
		263A1C1415050AE900F980F4 /* Debug */ = {
			isa = XCBuildConfiguration;
			buildSettings = {
				ALWAYS_SEARCH_USER_PATHS = NO;
				ARCHS = "$(ARCHS_STANDARD_32_BIT)";
				"CODE_SIGN_IDENTITY[sdk=iphoneos*]" = "iPhone Developer";
				COPY_PHASE_STRIP = NO;
				GCC_C_LANGUAGE_STANDARD = gnu99;
				GCC_DYNAMIC_NO_PIC = NO;
				GCC_OPTIMIZATION_LEVEL = 0;
				GCC_PREPROCESSOR_DEFINITIONS = (
					"DEBUG=1",
					"$(inherited)",
				);
				GCC_SYMBOLS_PRIVATE_EXTERN = NO;
				GCC_VERSION = com.apple.compilers.llvm.clang.1_0;
				GCC_WARN_ABOUT_RETURN_TYPE = YES;
				GCC_WARN_UNINITIALIZED_AUTOS = YES;
				GCC_WARN_UNUSED_VARIABLE = YES;
				IPHONEOS_DEPLOYMENT_TARGET = 5.0;
				SDKROOT = iphoneos;
			};
			name = Debug;
		};
		263A1C1515050AE900F980F4 /* Release */ = {
			isa = XCBuildConfiguration;
			buildSettings = {
				ALWAYS_SEARCH_USER_PATHS = NO;
				ARCHS = "$(ARCHS_STANDARD_32_BIT)";
				"CODE_SIGN_IDENTITY[sdk=iphoneos*]" = "iPhone Developer";
				COPY_PHASE_STRIP = YES;
				GCC_C_LANGUAGE_STANDARD = gnu99;
				GCC_VERSION = com.apple.compilers.llvm.clang.1_0;
				GCC_WARN_ABOUT_RETURN_TYPE = YES;
				GCC_WARN_UNINITIALIZED_AUTOS = YES;
				GCC_WARN_UNUSED_VARIABLE = YES;
				IPHONEOS_DEPLOYMENT_TARGET = 5.0;
				OTHER_CFLAGS = "-DNS_BLOCK_ASSERTIONS=1";
				SDKROOT = iphoneos;
				VALIDATE_PRODUCT = YES;
			};
			name = Release;
		};
		263A1C1715050AE900F980F4 /* Debug */ = {
			isa = XCBuildConfiguration;
			buildSettings = {
				GCC_PRECOMPILE_PREFIX_HEADER = YES;
				GCC_PREFIX_HEADER = "Refresh/Refresh-Prefix.pch";
				INFOPLIST_FILE = "Refresh/Refresh-Info.plist";
				PRODUCT_NAME = "$(TARGET_NAME)";
				WRAPPER_EXTENSION = app;
			};
			name = Debug;
		};
		263A1C1815050AE900F980F4 /* Release */ = {
			isa = XCBuildConfiguration;
			buildSettings = {
				GCC_PRECOMPILE_PREFIX_HEADER = YES;
				GCC_PREFIX_HEADER = "Refresh/Refresh-Prefix.pch";
				INFOPLIST_FILE = "Refresh/Refresh-Info.plist";
				PRODUCT_NAME = "$(TARGET_NAME)";
				WRAPPER_EXTENSION = app;
			};
			name = Release;
		};
/* End XCBuildConfiguration section */

/* Begin XCConfigurationList section */
		263A1BF215050AE900F980F4 /* Build configuration list for PBXProject "Refresh" */ = {
			isa = XCConfigurationList;
			buildConfigurations = (
				263A1C1415050AE900F980F4 /* Debug */,
				263A1C1515050AE900F980F4 /* Release */,
			);
			defaultConfigurationIsVisible = 0;
			defaultConfigurationName = Release;
		};
		263A1C1615050AE900F980F4 /* Build configuration list for PBXNativeTarget "Refresh" */ = {
			isa = XCConfigurationList;
			buildConfigurations = (
				263A1C1715050AE900F980F4 /* Debug */,
				263A1C1815050AE900F980F4 /* Release */,
			);
			defaultConfigurationIsVisible = 0;
			defaultConfigurationName = Release;
		};
/* End XCConfigurationList section */
	};
	rootObject = 263A1BEF15050AE900F980F4 /* Project object */;
}
